// !$*UTF8*$!
{
	archiveVersion = 1;
	classes = {
	};
	objectVersion = 56;
	objects = {

/* Begin PBXBuildFile section */
		2477310E28AD3EC1006AEB41 /* GiffDisplayApp.swift in Sources */ = {isa = PBXBuildFile; fileRef = 2477310D28AD3EC1006AEB41 /* GiffDisplayApp.swift */; };
		2477311028AD3EC1006AEB41 /* ContentView.swift in Sources */ = {isa = PBXBuildFile; fileRef = 2477310F28AD3EC1006AEB41 /* ContentView.swift */; };
		2477311228AD3EC4006AEB41 /* Assets.xcassets in Resources */ = {isa = PBXBuildFile; fileRef = 2477311128AD3EC4006AEB41 /* Assets.xcassets */; };
		2477311528AD3EC4006AEB41 /* Preview Assets.xcassets in Resources */ = {isa = PBXBuildFile; fileRef = 2477311428AD3EC4006AEB41 /* Preview Assets.xcassets */; };
		24BF980728AEAF0D00F01402 /* GifModel.xcdatamodeld in Sources */ = {isa = PBXBuildFile; fileRef = 24BF980528AEAF0D00F01402 /* GifModel.xcdatamodeld */; };
		24BF980928AEAF9A00F01402 /* DataController.swift in Sources */ = {isa = PBXBuildFile; fileRef = 24BF980828AEAF9A00F01402 /* DataController.swift */; };
		24BF982B28AEB77000F01402 /* data.swift in Sources */ = {isa = PBXBuildFile; fileRef = 24BF982A28AEB77000F01402 /* data.swift */; };
		24BF982E28AEB7A900F01402 /* Parser.swift in Sources */ = {isa = PBXBuildFile; fileRef = 24BF982D28AEB7A900F01402 /* Parser.swift */; };
		465C5B6DECCD626F860D5603 /* Pods_GiffDisplay.framework in Frameworks */ = {isa = PBXBuildFile; fileRef = 7201C1F3580612EF14966291 /* Pods_GiffDisplay.framework */; };
/* End PBXBuildFile section */

/* Begin PBXFileReference section */
		2477310A28AD3EC1006AEB41 /* GiffDisplay.app */ = {isa = PBXFileReference; explicitFileType = wrapper.application; includeInIndex = 0; path = GiffDisplay.app; sourceTree = BUILT_PRODUCTS_DIR; };
		2477310D28AD3EC1006AEB41 /* GiffDisplayApp.swift */ = {isa = PBXFileReference; lastKnownFileType = sourcecode.swift; path = GiffDisplayApp.swift; sourceTree = "<group>"; };
		2477310F28AD3EC1006AEB41 /* ContentView.swift */ = {isa = PBXFileReference; lastKnownFileType = sourcecode.swift; path = ContentView.swift; sourceTree = "<group>"; };
		2477311128AD3EC4006AEB41 /* Assets.xcassets */ = {isa = PBXFileReference; lastKnownFileType = folder.assetcatalog; path = Assets.xcassets; sourceTree = "<group>"; };
		2477311428AD3EC4006AEB41 /* Preview Assets.xcassets */ = {isa = PBXFileReference; lastKnownFileType = folder.assetcatalog; path = "Preview Assets.xcassets"; sourceTree = "<group>"; };
		24BF980628AEAF0D00F01402 /* GifModel.xcdatamodel */ = {isa = PBXFileReference; lastKnownFileType = wrapper.xcdatamodel; path = GifModel.xcdatamodel; sourceTree = "<group>"; };
		24BF980828AEAF9A00F01402 /* DataController.swift */ = {isa = PBXFileReference; lastKnownFileType = sourcecode.swift; path = DataController.swift; sourceTree = "<group>"; };
		24BF982A28AEB77000F01402 /* data.swift */ = {isa = PBXFileReference; lastKnownFileType = sourcecode.swift; path = data.swift; sourceTree = "<group>"; };
		24BF982D28AEB7A900F01402 /* Parser.swift */ = {isa = PBXFileReference; lastKnownFileType = sourcecode.swift; path = Parser.swift; sourceTree = "<group>"; };
		2CB58436834A6814EF78F197 /* Pods-GiffDisplay.release.xcconfig */ = {isa = PBXFileReference; includeInIndex = 1; lastKnownFileType = text.xcconfig; name = "Pods-GiffDisplay.release.xcconfig"; path = "Target Support Files/Pods-GiffDisplay/Pods-GiffDisplay.release.xcconfig"; sourceTree = "<group>"; };
		7201C1F3580612EF14966291 /* Pods_GiffDisplay.framework */ = {isa = PBXFileReference; explicitFileType = wrapper.framework; includeInIndex = 0; path = Pods_GiffDisplay.framework; sourceTree = BUILT_PRODUCTS_DIR; };
		F7E18AFDA78EA3679933C0AF /* Pods-GiffDisplay.debug.xcconfig */ = {isa = PBXFileReference; includeInIndex = 1; lastKnownFileType = text.xcconfig; name = "Pods-GiffDisplay.debug.xcconfig"; path = "Target Support Files/Pods-GiffDisplay/Pods-GiffDisplay.debug.xcconfig"; sourceTree = "<group>"; };
/* End PBXFileReference section */

/* Begin PBXFrameworksBuildPhase section */
		2477310728AD3EC1006AEB41 /* Frameworks */ = {
			isa = PBXFrameworksBuildPhase;
			buildActionMask = 2147483647;
			files = (
				465C5B6DECCD626F860D5603 /* Pods_GiffDisplay.framework in Frameworks */,
			);
			runOnlyForDeploymentPostprocessing = 0;
		};
/* End PBXFrameworksBuildPhase section */

/* Begin PBXGroup section */
		2477310128AD3EC0006AEB41 = {
			isa = PBXGroup;
			children = (
				2477310C28AD3EC1006AEB41 /* GiffDisplay */,
				2477310B28AD3EC1006AEB41 /* Products */,
				52C7137410555AAB9A88DD2D /* Pods */,
				4D9545057902E457FCA6CF04 /* Frameworks */,
			);
			sourceTree = "<group>";
		};
		2477310B28AD3EC1006AEB41 /* Products */ = {
			isa = PBXGroup;
			children = (
				2477310A28AD3EC1006AEB41 /* GiffDisplay.app */,
			);
			name = Products;
			sourceTree = "<group>";
		};
		2477310C28AD3EC1006AEB41 /* GiffDisplay */ = {
			isa = PBXGroup;
			children = (
				24BF982C28AEB78A00F01402 /* ViewModel */,
				24BF982928AEB74C00F01402 /* Model */,
				24BF980428AEAEB400F01402 /* DataModel */,
				2477310D28AD3EC1006AEB41 /* GiffDisplayApp.swift */,
				2477310F28AD3EC1006AEB41 /* ContentView.swift */,
				2477311128AD3EC4006AEB41 /* Assets.xcassets */,
				2477311328AD3EC4006AEB41 /* Preview Content */,
			);
			path = GiffDisplay;
			sourceTree = "<group>";
		};
		2477311328AD3EC4006AEB41 /* Preview Content */ = {
			isa = PBXGroup;
			children = (
				2477311428AD3EC4006AEB41 /* Preview Assets.xcassets */,
			);
			path = "Preview Content";
			sourceTree = "<group>";
		};
		24BF980428AEAEB400F01402 /* DataModel */ = {
			isa = PBXGroup;
			children = (
				24BF980528AEAF0D00F01402 /* GifModel.xcdatamodeld */,
				24BF980828AEAF9A00F01402 /* DataController.swift */,
			);
			path = DataModel;
			sourceTree = "<group>";
		};
		24BF982928AEB74C00F01402 /* Model */ = {
			isa = PBXGroup;
			children = (
				24BF982A28AEB77000F01402 /* data.swift */,
			);
			path = Model;
			sourceTree = "<group>";
		};
		24BF982C28AEB78A00F01402 /* ViewModel */ = {
			isa = PBXGroup;
			children = (
				24BF982D28AEB7A900F01402 /* Parser.swift */,
			);
			path = ViewModel;
			sourceTree = "<group>";
		};
		4D9545057902E457FCA6CF04 /* Frameworks */ = {
			isa = PBXGroup;
			children = (
				7201C1F3580612EF14966291 /* Pods_GiffDisplay.framework */,
			);
			name = Frameworks;
			sourceTree = "<group>";
		};
		52C7137410555AAB9A88DD2D /* Pods */ = {
			isa = PBXGroup;
			children = (
				F7E18AFDA78EA3679933C0AF /* Pods-GiffDisplay.debug.xcconfig */,
				2CB58436834A6814EF78F197 /* Pods-GiffDisplay.release.xcconfig */,
			);
			path = Pods;
			sourceTree = "<group>";
		};
/* End PBXGroup section */

/* Begin PBXNativeTarget section */
		2477310928AD3EC1006AEB41 /* GiffDisplay */ = {
			isa = PBXNativeTarget;
			buildConfigurationList = 2477311D28AD3EC4006AEB41 /* Build configuration list for PBXNativeTarget "GiffDisplay" */;
			buildPhases = (
				D4D70A007216E7A7DE0998D4 /* [CP] Check Pods Manifest.lock */,
				2477310628AD3EC1006AEB41 /* Sources */,
				2477310728AD3EC1006AEB41 /* Frameworks */,
				2477310828AD3EC1006AEB41 /* Resources */,
				E52800720B28E7AF45ECB5E7 /* [CP] Embed Pods Frameworks */,
			);
			buildRules = (
			);
			dependencies = (
			);
			name = GiffDisplay;
			productName = GiffDisplay;
			productReference = 2477310A28AD3EC1006AEB41 /* GiffDisplay.app */;
			productType = "com.apple.product-type.application";
		};
/* End PBXNativeTarget section */

/* Begin PBXProject section */
		2477310228AD3EC0006AEB41 /* Project object */ = {
			isa = PBXProject;
			attributes = {
				BuildIndependentTargetsInParallel = 1;
				LastSwiftUpdateCheck = 1400;
				LastUpgradeCheck = 1400;
				TargetAttributes = {
					2477310928AD3EC1006AEB41 = {
						CreatedOnToolsVersion = 14.0;
					};
				};
			};
			buildConfigurationList = 2477310528AD3EC0006AEB41 /* Build configuration list for PBXProject "GiffDisplay" */;
			compatibilityVersion = "Xcode 14.0";
			developmentRegion = en;
			hasScannedForEncodings = 0;
			knownRegions = (
				en,
				Base,
			);
			mainGroup = 2477310128AD3EC0006AEB41;
			productRefGroup = 2477310B28AD3EC1006AEB41 /* Products */;
			projectDirPath = "";
			projectRoot = "";
			targets = (
				2477310928AD3EC1006AEB41 /* GiffDisplay */,
			);
		};
/* End PBXProject section */

/* Begin PBXResourcesBuildPhase section */
		2477310828AD3EC1006AEB41 /* Resources */ = {
			isa = PBXResourcesBuildPhase;
			buildActionMask = 2147483647;
			files = (
				2477311528AD3EC4006AEB41 /* Preview Assets.xcassets in Resources */,
				2477311228AD3EC4006AEB41 /* Assets.xcassets in Resources */,
			);
			runOnlyForDeploymentPostprocessing = 0;
		};
/* End PBXResourcesBuildPhase section */

/* Begin PBXShellScriptBuildPhase section */
		D4D70A007216E7A7DE0998D4 /* [CP] Check Pods Manifest.lock */ = {
			isa = PBXShellScriptBuildPhase;
			buildActionMask = 2147483647;
			files = (
			);
			inputFileListPaths = (
			);
			inputPaths = (
				"${PODS_PODFILE_DIR_PATH}/Podfile.lock",
				"${PODS_ROOT}/Manifest.lock",
			);
			name = "[CP] Check Pods Manifest.lock";
			outputFileListPaths = (
			);
			outputPaths = (
				"$(DERIVED_FILE_DIR)/Pods-GiffDisplay-checkManifestLockResult.txt",
			);
			runOnlyForDeploymentPostprocessing = 0;
			shellPath = /bin/sh;
			shellScript = "diff \"${PODS_PODFILE_DIR_PATH}/Podfile.lock\" \"${PODS_ROOT}/Manifest.lock\" > /dev/null\nif [ $? != 0 ] ; then\n    # print error to STDERR\n    echo \"error: The sandbox is not in sync with the Podfile.lock. Run 'pod install' or update your CocoaPods installation.\" >&2\n    exit 1\nfi\n# This output is used by Xcode 'outputs' to avoid re-running this script phase.\necho \"SUCCESS\" > \"${SCRIPT_OUTPUT_FILE_0}\"\n";
			showEnvVarsInLog = 0;
		};
		E52800720B28E7AF45ECB5E7 /* [CP] Embed Pods Frameworks */ = {
			isa = PBXShellScriptBuildPhase;
			buildActionMask = 2147483647;
			files = (
			);
			inputFileListPaths = (
				"${PODS_ROOT}/Target Support Files/Pods-GiffDisplay/Pods-GiffDisplay-frameworks-${CONFIGURATION}-input-files.xcfilelist",
			);
			name = "[CP] Embed Pods Frameworks";
			outputFileListPaths = (
				"${PODS_ROOT}/Target Support Files/Pods-GiffDisplay/Pods-GiffDisplay-frameworks-${CONFIGURATION}-output-files.xcfilelist",
			);
			runOnlyForDeploymentPostprocessing = 0;
			shellPath = /bin/sh;
			shellScript = "\"${PODS_ROOT}/Target Support Files/Pods-GiffDisplay/Pods-GiffDisplay-frameworks.sh\"\n";
			showEnvVarsInLog = 0;
		};
/* End PBXShellScriptBuildPhase section */

/* Begin PBXSourcesBuildPhase section */
		2477310628AD3EC1006AEB41 /* Sources */ = {
			isa = PBXSourcesBuildPhase;
			buildActionMask = 2147483647;
			files = (
				24BF980728AEAF0D00F01402 /* GifModel.xcdatamodeld in Sources */,
				24BF980928AEAF9A00F01402 /* DataController.swift in Sources */,
				24BF982E28AEB7A900F01402 /* Parser.swift in Sources */,
				2477311028AD3EC1006AEB41 /* ContentView.swift in Sources */,
				24BF982B28AEB77000F01402 /* data.swift in Sources */,
				2477310E28AD3EC1006AEB41 /* GiffDisplayApp.swift in Sources */,
			);
			runOnlyForDeploymentPostprocessing = 0;
		};
/* End PBXSourcesBuildPhase section */

/* Begin XCBuildConfiguration section */
		2477311B28AD3EC4006AEB41 /* Debug */ = {
			isa = XCBuildConfiguration;
			buildSettings = {
				ALWAYS_SEARCH_USER_PATHS = NO;
				CLANG_ANALYZER_NONNULL = YES;
				CLANG_ANALYZER_NUMBER_OBJECT_CONVERSION = YES_AGGRESSIVE;
				CLANG_CXX_LANGUAGE_STANDARD = "gnu++20";
				CLANG_ENABLE_MODULES = YES;
				CLANG_ENABLE_OBJC_ARC = YES;
				CLANG_ENABLE_OBJC_WEAK = YES;
				CLANG_WARN_BLOCK_CAPTURE_AUTORELEASING = YES;
				CLANG_WARN_BOOL_CONVERSION = YES;
				CLANG_WARN_COMMA = YES;
				CLANG_WARN_CONSTANT_CONVERSION = YES;
				CLANG_WARN_DEPRECATED_OBJC_IMPLEMENTATIONS = YES;
				CLANG_WARN_DIRECT_OBJC_ISA_USAGE = YES_ERROR;
				CLANG_WARN_DOCUMENTATION_COMMENTS = YES;
				CLANG_WARN_EMPTY_BODY = YES;
				CLANG_WARN_ENUM_CONVERSION = YES;
				CLANG_WARN_INFINITE_RECURSION = YES;
				CLANG_WARN_INT_CONVERSION = YES;
				CLANG_WARN_NON_LITERAL_NULL_CONVERSION = YES;
				CLANG_WARN_OBJC_IMPLICIT_RETAIN_SELF = YES;
				CLANG_WARN_OBJC_LITERAL_CONVERSION = YES;
				CLANG_WARN_OBJC_ROOT_CLASS = YES_ERROR;
				CLANG_WARN_QUOTED_INCLUDE_IN_FRAMEWORK_HEADER = YES;
				CLANG_WARN_RANGE_LOOP_ANALYSIS = YES;
				CLANG_WARN_STRICT_PROTOTYPES = YES;
				CLANG_WARN_SUSPICIOUS_MOVE = YES;
				CLANG_WARN_UNGUARDED_AVAILABILITY = YES_AGGRESSIVE;
				CLANG_WARN_UNREACHABLE_CODE = YES;
				CLANG_WARN__DUPLICATE_METHOD_MATCH = YES;
				COPY_PHASE_STRIP = NO;
				DEBUG_INFORMATION_FORMAT = dwarf;
				ENABLE_STRICT_OBJC_MSGSEND = YES;
				ENABLE_TESTABILITY = YES;
				GCC_C_LANGUAGE_STANDARD = gnu11;
				GCC_DYNAMIC_NO_PIC = NO;
				GCC_NO_COMMON_BLOCKS = YES;
				GCC_OPTIMIZATION_LEVEL = 0;
				GCC_PREPROCESSOR_DEFINITIONS = (
					"DEBUG=1",
					"$(inherited)",
				);
				GCC_WARN_64_TO_32_BIT_CONVERSION = YES;
				GCC_WARN_ABOUT_RETURN_TYPE = YES_ERROR;
				GCC_WARN_UNDECLARED_SELECTOR = YES;
				GCC_WARN_UNINITIALIZED_AUTOS = YES_AGGRESSIVE;
				GCC_WARN_UNUSED_FUNCTION = YES;
				GCC_WARN_UNUSED_VARIABLE = YES;
				IPHONEOS_DEPLOYMENT_TARGET = 16.0;
				MTL_ENABLE_DEBUG_INFO = INCLUDE_SOURCE;
				MTL_FAST_MATH = YES;
				ONLY_ACTIVE_ARCH = YES;
				SDKROOT = iphoneos;
				SWIFT_ACTIVE_COMPILATION_CONDITIONS = DEBUG;
				SWIFT_OPTIMIZATION_LEVEL = "-Onone";
			};
			name = Debug;
		};
		2477311C28AD3EC4006AEB41 /* Release */ = {
			isa = XCBuildConfiguration;
			buildSettings = {
				ALWAYS_SEARCH_USER_PATHS = NO;
				CLANG_ANALYZER_NONNULL = YES;
				CLANG_ANALYZER_NUMBER_OBJECT_CONVERSION = YES_AGGRESSIVE;
				CLANG_CXX_LANGUAGE_STANDARD = "gnu++20";
				CLANG_ENABLE_MODULES = YES;
				CLANG_ENABLE_OBJC_ARC = YES;
				CLANG_ENABLE_OBJC_WEAK = YES;
				CLANG_WARN_BLOCK_CAPTURE_AUTORELEASING = YES;
				CLANG_WARN_BOOL_CONVERSION = YES;
				CLANG_WARN_COMMA = YES;
				CLANG_WARN_CONSTANT_CONVERSION = YES;
				CLANG_WARN_DEPRECATED_OBJC_IMPLEMENTATIONS = YES;
				CLANG_WARN_DIRECT_OBJC_ISA_USAGE = YES_ERROR;
				CLANG_WARN_DOCUMENTATION_COMMENTS = YES;
				CLANG_WARN_EMPTY_BODY = YES;
				CLANG_WARN_ENUM_CONVERSION = YES;
				CLANG_WARN_INFINITE_RECURSION = YES;
				CLANG_WARN_INT_CONVERSION = YES;
				CLANG_WARN_NON_LITERAL_NULL_CONVERSION = YES;
				CLANG_WARN_OBJC_IMPLICIT_RETAIN_SELF = YES;
				CLANG_WARN_OBJC_LITERAL_CONVERSION = YES;
				CLANG_WARN_OBJC_ROOT_CLASS = YES_ERROR;
				CLANG_WARN_QUOTED_INCLUDE_IN_FRAMEWORK_HEADER = YES;
				CLANG_WARN_RANGE_LOOP_ANALYSIS = YES;
				CLANG_WARN_STRICT_PROTOTYPES = YES;
				CLANG_WARN_SUSPICIOUS_MOVE = YES;
				CLANG_WARN_UNGUARDED_AVAILABILITY = YES_AGGRESSIVE;
				CLANG_WARN_UNREACHABLE_CODE = YES;
				CLANG_WARN__DUPLICATE_METHOD_MATCH = YES;
				COPY_PHASE_STRIP = NO;
				DEBUG_INFORMATION_FORMAT = "dwarf-with-dsym";
				ENABLE_NS_ASSERTIONS = NO;
				ENABLE_STRICT_OBJC_MSGSEND = YES;
				GCC_C_LANGUAGE_STANDARD = gnu11;
				GCC_NO_COMMON_BLOCKS = YES;
				GCC_WARN_64_TO_32_BIT_CONVERSION = YES;
				GCC_WARN_ABOUT_RETURN_TYPE = YES_ERROR;
				GCC_WARN_UNDECLARED_SELECTOR = YES;
				GCC_WARN_UNINITIALIZED_AUTOS = YES_AGGRESSIVE;
				GCC_WARN_UNUSED_FUNCTION = YES;
				GCC_WARN_UNUSED_VARIABLE = YES;
				IPHONEOS_DEPLOYMENT_TARGET = 16.0;
				MTL_ENABLE_DEBUG_INFO = NO;
				MTL_FAST_MATH = YES;
				SDKROOT = iphoneos;
				SWIFT_COMPILATION_MODE = wholemodule;
				SWIFT_OPTIMIZATION_LEVEL = "-O";
				VALIDATE_PRODUCT = YES;
			};
			name = Release;
		};
		2477311E28AD3EC4006AEB41 /* Debug */ = {
			isa = XCBuildConfiguration;
			baseConfigurationReference = F7E18AFDA78EA3679933C0AF /* Pods-GiffDisplay.debug.xcconfig */;
			buildSettings = {
				ASSETCATALOG_COMPILER_APPICON_NAME = AppIcon;
				ASSETCATALOG_COMPILER_GLOBAL_ACCENT_COLOR_NAME = AccentColor;
				CODE_SIGN_STYLE = Automatic;
				CURRENT_PROJECT_VERSION = 1;
				DEVELOPMENT_ASSET_PATHS = "\"GiffDisplay/Preview Content\"";
				DEVELOPMENT_TEAM = 88K62PKM46;
				ENABLE_PREVIEWS = YES;
				GENERATE_INFOPLIST_FILE = YES;
				INFOPLIST_KEY_UIApplicationSceneManifest_Generation = YES;
				INFOPLIST_KEY_UIApplicationSupportsIndirectInputEvents = YES;
				INFOPLIST_KEY_UILaunchScreen_Generation = YES;
				INFOPLIST_KEY_UISupportedInterfaceOrientations_iPad = "UIInterfaceOrientationPortrait UIInterfaceOrientationPortraitUpsideDown UIInterfaceOrientationLandscapeLeft UIInterfaceOrientationLandscapeRight";
				INFOPLIST_KEY_UISupportedInterfaceOrientations_iPhone = "UIInterfaceOrientationPortrait UIInterfaceOrientationLandscapeLeft UIInterfaceOrientationLandscapeRight";
				IPHONEOS_DEPLOYMENT_TARGET = 15.0;
				LD_RUNPATH_SEARCH_PATHS = (
					"$(inherited)",
					"@executable_path/Frameworks",
				);
				MARKETING_VERSION = 1.0;
				PRODUCT_BUNDLE_IDENTIFIER = MyProject.GiffDisplay;
				PRODUCT_NAME = "$(TARGET_NAME)";
				SWIFT_EMIT_LOC_STRINGS = YES;
				SWIFT_VERSION = 5.0;
				TARGETED_DEVICE_FAMILY = "1,2";
			};
			name = Debug;
		};
		2477311F28AD3EC4006AEB41 /* Release */ = {
			isa = XCBuildConfiguration;
			baseConfigurationReference = 2CB58436834A6814EF78F197 /* Pods-GiffDisplay.release.xcconfig */;
			buildSettings = {
				ASSETCATALOG_COMPILER_APPICON_NAME = AppIcon;
				ASSETCATALOG_COMPILER_GLOBAL_ACCENT_COLOR_NAME = AccentColor;
				CODE_SIGN_STYLE = Automatic;
				CURRENT_PROJECT_VERSION = 1;
				DEVELOPMENT_ASSET_PATHS = "\"GiffDisplay/Preview Content\"";
				DEVELOPMENT_TEAM = 88K62PKM46;
				ENABLE_PREVIEWS = YES;
				GENERATE_INFOPLIST_FILE = YES;
				INFOPLIST_KEY_UIApplicationSceneManifest_Generation = YES;
				INFOPLIST_KEY_UIApplicationSupportsIndirectInputEvents = YES;
				INFOPLIST_KEY_UILaunchScreen_Generation = YES;
				INFOPLIST_KEY_UISupportedInterfaceOrientations_iPad = "UIInterfaceOrientationPortrait UIInterfaceOrientationPortraitUpsideDown UIInterfaceOrientationLandscapeLeft UIInterfaceOrientationLandscapeRight";
				INFOPLIST_KEY_UISupportedInterfaceOrientations_iPhone = "UIInterfaceOrientationPortrait UIInterfaceOrientationLandscapeLeft UIInterfaceOrientationLandscapeRight";
				IPHONEOS_DEPLOYMENT_TARGET = 15.0;
				LD_RUNPATH_SEARCH_PATHS = (
					"$(inherited)",
					"@executable_path/Frameworks",
				);
				MARKETING_VERSION = 1.0;
				PRODUCT_BUNDLE_IDENTIFIER = MyProject.GiffDisplay;
				PRODUCT_NAME = "$(TARGET_NAME)";
				SWIFT_EMIT_LOC_STRINGS = YES;
				SWIFT_VERSION = 5.0;
				TARGETED_DEVICE_FAMILY = "1,2";
			};
			name = Release;
		};
/* End XCBuildConfiguration section */

/* Begin XCConfigurationList section */
		2477310528AD3EC0006AEB41 /* Build configuration list for PBXProject "GiffDisplay" */ = {
			isa = XCConfigurationList;
			buildConfigurations = (
				2477311B28AD3EC4006AEB41 /* Debug */,
				2477311C28AD3EC4006AEB41 /* Release */,
			);
			defaultConfigurationIsVisible = 0;
			defaultConfigurationName = Release;
		};
		2477311D28AD3EC4006AEB41 /* Build configuration list for PBXNativeTarget "GiffDisplay" */ = {
			isa = XCConfigurationList;
			buildConfigurations = (
				2477311E28AD3EC4006AEB41 /* Debug */,
				2477311F28AD3EC4006AEB41 /* Release */,
			);
			defaultConfigurationIsVisible = 0;
			defaultConfigurationName = Release;
		};
/* End XCConfigurationList section */

/* Begin XCVersionGroup section */
		24BF980528AEAF0D00F01402 /* GifModel.xcdatamodeld */ = {
			isa = XCVersionGroup;
			children = (
				24BF980628AEAF0D00F01402 /* GifModel.xcdatamodel */,
			);
			currentVersion = 24BF980628AEAF0D00F01402 /* GifModel.xcdatamodel */;
			path = GifModel.xcdatamodeld;
			sourceTree = "<group>";
			versionGroupType = wrapper.xcdatamodel;
		};
/* End XCVersionGroup section */
	};
	rootObject = 2477310228AD3EC0006AEB41 /* Project object */;
}
